// !$*UTF8*$!
{
	archiveVersion = 1;
	classes = {
	};
	objectVersion = 56;
	objects = {

/* Begin PBXBuildFile section */
		D46B65702B0C9F08001DE346 /* OrderModel.swift in Sources */ = {isa = PBXBuildFile; fileRef = D46B656C2B0C9F08001DE346 /* OrderModel.swift */; };
		D46B65712B0C9F08001DE346 /* MenuItem.swift in Sources */ = {isa = PBXBuildFile; fileRef = D46B656D2B0C9F08001DE346 /* MenuItem.swift */; };
		D46B65722B0C9F08001DE346 /* OrderItem.swift in Sources */ = {isa = PBXBuildFile; fileRef = D46B656E2B0C9F08001DE346 /* OrderItem.swift */; };
		D46B65732B0C9F08001DE346 /* MenuModel.swift in Sources */ = {isa = PBXBuildFile; fileRef = D46B656F2B0C9F08001DE346 /* MenuModel.swift */; };
		D46D24ED2B13455600EC9450 /* OrderItemView.swift in Sources */ = {isa = PBXBuildFile; fileRef = D46D24EC2B13455600EC9450 /* OrderItemView.swift */; };
		D46D24EF2B135F2700EC9450 /* MenuItemTileView.swift in Sources */ = {isa = PBXBuildFile; fileRef = D46D24EE2B135F2700EC9450 /* MenuItemTileView.swift */; };
		D46D24F12B135FBD00EC9450 /* MenuGridView.swift in Sources */ = {isa = PBXBuildFile; fileRef = D46D24F02B135FBD00EC9450 /* MenuGridView.swift */; };
		D46D24F32B1367B000EC9450 /* FavoriteTileView.swift in Sources */ = {isa = PBXBuildFile; fileRef = D46D24F22B1367B000EC9450 /* FavoriteTileView.swift */; };
		D46D24F52B13982500EC9450 /* OrderDetailView.swift in Sources */ = {isa = PBXBuildFile; fileRef = D46D24F42B13982500EC9450 /* OrderDetailView.swift */; };
		D46D24F72B13A9CB00EC9450 /* MenuDetailView.swift in Sources */ = {isa = PBXBuildFile; fileRef = D46D24F62B13A9CB00EC9450 /* MenuDetailView.swift */; };
		D46D24F92B13A9D400EC9450 /* MenuView2.swift in Sources */ = {isa = PBXBuildFile; fileRef = D46D24F82B13A9D400EC9450 /* MenuView2.swift */; };
		D46D24FB2B13ACDA00EC9450 /* MenuView3.swift in Sources */ = {isa = PBXBuildFile; fileRef = D46D24FA2B13ACDA00EC9450 /* MenuView3.swift */; };
		D4DE263D2B0B0A760084F371 /* huli_pizzaApp.swift in Sources */ = {isa = PBXBuildFile; fileRef = D4DE263C2B0B0A760084F371 /* huli_pizzaApp.swift */; };
		D4DE263F2B0B0A760084F371 /* ContentView.swift in Sources */ = {isa = PBXBuildFile; fileRef = D4DE263E2B0B0A760084F371 /* ContentView.swift */; };
		D4DE26412B0B0A760084F371 /* Assets.xcassets in Resources */ = {isa = PBXBuildFile; fileRef = D4DE26402B0B0A760084F371 /* Assets.xcassets */; };
		D4DE26442B0B0A760084F371 /* Preview Assets.xcassets in Resources */ = {isa = PBXBuildFile; fileRef = D4DE26432B0B0A760084F371 /* Preview Assets.xcassets */; };
		D4DE264B2B0B57530084F371 /* OrderView.swift in Sources */ = {isa = PBXBuildFile; fileRef = D4DE264A2B0B57530084F371 /* OrderView.swift */; };
		D4DE264D2B0B576D0084F371 /* OrderRowView.swift in Sources */ = {isa = PBXBuildFile; fileRef = D4DE264C2B0B576D0084F371 /* OrderRowView.swift */; };
		D4DE264F2B0B57800084F371 /* MenuView.swift in Sources */ = {isa = PBXBuildFile; fileRef = D4DE264E2B0B57800084F371 /* MenuView.swift */; };
		D4DE26512B0B57910084F371 /* MenuRowView.swift in Sources */ = {isa = PBXBuildFile; fileRef = D4DE26502B0B57910084F371 /* MenuRowView.swift */; };
		D4DE26532B0B579E0084F371 /* MenuItemView.swift in Sources */ = {isa = PBXBuildFile; fileRef = D4DE26522B0B579E0084F371 /* MenuItemView.swift */; };
		D4DE26552B0B57CF0084F371 /* HeaderView.swift in Sources */ = {isa = PBXBuildFile; fileRef = D4DE26542B0B57CF0084F371 /* HeaderView.swift */; };
		D4DE26572B0B629E0084F371 /* RatingsView.swift in Sources */ = {isa = PBXBuildFile; fileRef = D4DE26562B0B629E0084F371 /* RatingsView.swift */; };
		D4E9FDDD2B10823500DFC700 /* StatusBarView.swift in Sources */ = {isa = PBXBuildFile; fileRef = D4E9FDDC2B10823500DFC700 /* StatusBarView.swift */; };
/* End PBXBuildFile section */

/* Begin PBXFileReference section */
		D46B656C2B0C9F08001DE346 /* OrderModel.swift */ = {isa = PBXFileReference; fileEncoding = 4; lastKnownFileType = sourcecode.swift; path = OrderModel.swift; sourceTree = "<group>"; };
		D46B656D2B0C9F08001DE346 /* MenuItem.swift */ = {isa = PBXFileReference; fileEncoding = 4; lastKnownFileType = sourcecode.swift; path = MenuItem.swift; sourceTree = "<group>"; };
		D46B656E2B0C9F08001DE346 /* OrderItem.swift */ = {isa = PBXFileReference; fileEncoding = 4; lastKnownFileType = sourcecode.swift; path = OrderItem.swift; sourceTree = "<group>"; };
		D46B656F2B0C9F08001DE346 /* MenuModel.swift */ = {isa = PBXFileReference; fileEncoding = 4; lastKnownFileType = sourcecode.swift; path = MenuModel.swift; sourceTree = "<group>"; };
		D46D24EC2B13455600EC9450 /* OrderItemView.swift */ = {isa = PBXFileReference; lastKnownFileType = sourcecode.swift; path = OrderItemView.swift; sourceTree = "<group>"; };
		D46D24EE2B135F2700EC9450 /* MenuItemTileView.swift */ = {isa = PBXFileReference; fileEncoding = 4; lastKnownFileType = sourcecode.swift; path = MenuItemTileView.swift; sourceTree = "<group>"; };
		D46D24F02B135FBD00EC9450 /* MenuGridView.swift */ = {isa = PBXFileReference; lastKnownFileType = sourcecode.swift; path = MenuGridView.swift; sourceTree = "<group>"; };
		D46D24F22B1367B000EC9450 /* FavoriteTileView.swift */ = {isa = PBXFileReference; fileEncoding = 4; lastKnownFileType = sourcecode.swift; path = FavoriteTileView.swift; sourceTree = "<group>"; };
		D46D24F42B13982500EC9450 /* OrderDetailView.swift */ = {isa = PBXFileReference; fileEncoding = 4; lastKnownFileType = sourcecode.swift; path = OrderDetailView.swift; sourceTree = "<group>"; };
		D46D24F62B13A9CB00EC9450 /* MenuDetailView.swift */ = {isa = PBXFileReference; fileEncoding = 4; lastKnownFileType = sourcecode.swift; path = MenuDetailView.swift; sourceTree = "<group>"; };
		D46D24F82B13A9D400EC9450 /* MenuView2.swift */ = {isa = PBXFileReference; lastKnownFileType = sourcecode.swift; path = MenuView2.swift; sourceTree = "<group>"; };
		D46D24FA2B13ACDA00EC9450 /* MenuView3.swift */ = {isa = PBXFileReference; fileEncoding = 4; lastKnownFileType = sourcecode.swift; path = MenuView3.swift; sourceTree = "<group>"; };
		D4DE26392B0B0A760084F371 /* huli-pizza.app */ = {isa = PBXFileReference; explicitFileType = wrapper.application; includeInIndex = 0; path = "huli-pizza.app"; sourceTree = BUILT_PRODUCTS_DIR; };
		D4DE263C2B0B0A760084F371 /* huli_pizzaApp.swift */ = {isa = PBXFileReference; lastKnownFileType = sourcecode.swift; path = huli_pizzaApp.swift; sourceTree = "<group>"; };
		D4DE263E2B0B0A760084F371 /* ContentView.swift */ = {isa = PBXFileReference; lastKnownFileType = sourcecode.swift; path = ContentView.swift; sourceTree = "<group>"; };
		D4DE26402B0B0A760084F371 /* Assets.xcassets */ = {isa = PBXFileReference; lastKnownFileType = folder.assetcatalog; path = Assets.xcassets; sourceTree = "<group>"; };
		D4DE26432B0B0A760084F371 /* Preview Assets.xcassets */ = {isa = PBXFileReference; lastKnownFileType = folder.assetcatalog; path = "Preview Assets.xcassets"; sourceTree = "<group>"; };
		D4DE264A2B0B57530084F371 /* OrderView.swift */ = {isa = PBXFileReference; lastKnownFileType = sourcecode.swift; path = OrderView.swift; sourceTree = "<group>"; };
		D4DE264C2B0B576D0084F371 /* OrderRowView.swift */ = {isa = PBXFileReference; lastKnownFileType = sourcecode.swift; path = OrderRowView.swift; sourceTree = "<group>"; };
		D4DE264E2B0B57800084F371 /* MenuView.swift */ = {isa = PBXFileReference; lastKnownFileType = sourcecode.swift; path = MenuView.swift; sourceTree = "<group>"; };
		D4DE26502B0B57910084F371 /* MenuRowView.swift */ = {isa = PBXFileReference; lastKnownFileType = sourcecode.swift; path = MenuRowView.swift; sourceTree = "<group>"; };
		D4DE26522B0B579E0084F371 /* MenuItemView.swift */ = {isa = PBXFileReference; lastKnownFileType = sourcecode.swift; path = MenuItemView.swift; sourceTree = "<group>"; };
		D4DE26542B0B57CF0084F371 /* HeaderView.swift */ = {isa = PBXFileReference; lastKnownFileType = sourcecode.swift; path = HeaderView.swift; sourceTree = "<group>"; };
		D4DE26562B0B629E0084F371 /* RatingsView.swift */ = {isa = PBXFileReference; lastKnownFileType = sourcecode.swift; path = RatingsView.swift; sourceTree = "<group>"; };
		D4E9FDDC2B10823500DFC700 /* StatusBarView.swift */ = {isa = PBXFileReference; lastKnownFileType = sourcecode.swift; path = StatusBarView.swift; sourceTree = "<group>"; };
/* End PBXFileReference section */

/* Begin PBXFrameworksBuildPhase section */
		D4DE26362B0B0A760084F371 /* Frameworks */ = {
			isa = PBXFrameworksBuildPhase;
			buildActionMask = 2147483647;
			files = (
			);
			runOnlyForDeploymentPostprocessing = 0;
		};
/* End PBXFrameworksBuildPhase section */

/* Begin PBXGroup section */
		D46B656B2B0C9F08001DE346 /* Model Code */ = {
			isa = PBXGroup;
			children = (
				D46B656C2B0C9F08001DE346 /* OrderModel.swift */,
				D46B656D2B0C9F08001DE346 /* MenuItem.swift */,
				D46B656E2B0C9F08001DE346 /* OrderItem.swift */,
				D46B656F2B0C9F08001DE346 /* MenuModel.swift */,
			);
			path = "Model Code";
			sourceTree = "<group>";
		};
		D4DE26302B0B0A760084F371 = {
			isa = PBXGroup;
			children = (
				D4DE263B2B0B0A760084F371 /* huli-pizza */,
				D4DE263A2B0B0A760084F371 /* Products */,
			);
			sourceTree = "<group>";
		};
		D4DE263A2B0B0A760084F371 /* Products */ = {
			isa = PBXGroup;
			children = (
				D4DE26392B0B0A760084F371 /* huli-pizza.app */,
			);
			name = Products;
			sourceTree = "<group>";
		};
		D4DE263B2B0B0A760084F371 /* huli-pizza */ = {
			isa = PBXGroup;
			children = (
				D4DE263E2B0B0A760084F371 /* ContentView.swift */,
				D46D24F22B1367B000EC9450 /* FavoriteTileView.swift */,
				D4DE26542B0B57CF0084F371 /* HeaderView.swift */,
				D4DE263C2B0B0A760084F371 /* huli_pizzaApp.swift */,
				D46D24F62B13A9CB00EC9450 /* MenuDetailView.swift */,
				D46D24F02B135FBD00EC9450 /* MenuGridView.swift */,
				D46D24EE2B135F2700EC9450 /* MenuItemTileView.swift */,
				D4DE26522B0B579E0084F371 /* MenuItemView.swift */,
				D4DE26502B0B57910084F371 /* MenuRowView.swift */,
				D4DE264E2B0B57800084F371 /* MenuView.swift */,
				D46D24F82B13A9D400EC9450 /* MenuView2.swift */,
				D46D24FA2B13ACDA00EC9450 /* MenuView3.swift */,
				D46D24F42B13982500EC9450 /* OrderDetailView.swift */,
				D46D24EC2B13455600EC9450 /* OrderItemView.swift */,
				D4DE264C2B0B576D0084F371 /* OrderRowView.swift */,
				D4DE264A2B0B57530084F371 /* OrderView.swift */,
				D4DE26562B0B629E0084F371 /* RatingsView.swift */,
				D4E9FDDC2B10823500DFC700 /* StatusBarView.swift */,
				D46B656B2B0C9F08001DE346 /* Model Code */,
				D4DE26422B0B0A760084F371 /* Preview Content */,
			);
			path = "huli-pizza";
			sourceTree = "<group>";
		};
		D4DE26422B0B0A760084F371 /* Preview Content */ = {
			isa = PBXGroup;
			children = (
				D4DE26402B0B0A760084F371 /* Assets.xcassets */,
				D4DE26432B0B0A760084F371 /* Preview Assets.xcassets */,
			);
			path = "Preview Content";
			sourceTree = "<group>";
		};
/* End PBXGroup section */

/* Begin PBXNativeTarget section */
		D4DE26382B0B0A760084F371 /* huli-pizza */ = {
			isa = PBXNativeTarget;
			buildConfigurationList = D4DE26472B0B0A760084F371 /* Build configuration list for PBXNativeTarget "huli-pizza" */;
			buildPhases = (
				D4DE26352B0B0A760084F371 /* Sources */,
				D4DE26362B0B0A760084F371 /* Frameworks */,
				D4DE26372B0B0A760084F371 /* Resources */,
			);
			buildRules = (
			);
			dependencies = (
			);
			name = "huli-pizza";
			productName = "huli-pizza";
			productReference = D4DE26392B0B0A760084F371 /* huli-pizza.app */;
			productType = "com.apple.product-type.application";
		};
/* End PBXNativeTarget section */

/* Begin PBXProject section */
		D4DE26312B0B0A760084F371 /* Project object */ = {
			isa = PBXProject;
			attributes = {
				BuildIndependentTargetsInParallel = 1;
				LastSwiftUpdateCheck = 1500;
				LastUpgradeCheck = 1500;
				TargetAttributes = {
					D4DE26382B0B0A760084F371 = {
						CreatedOnToolsVersion = 15.0.1;
					};
				};
			};
			buildConfigurationList = D4DE26342B0B0A760084F371 /* Build configuration list for PBXProject "huli-pizza" */;
			compatibilityVersion = "Xcode 14.0";
			developmentRegion = en;
			hasScannedForEncodings = 0;
			knownRegions = (
				en,
				Base,
			);
			mainGroup = D4DE26302B0B0A760084F371;
			productRefGroup = D4DE263A2B0B0A760084F371 /* Products */;
			projectDirPath = "";
			projectRoot = "";
			targets = (
				D4DE26382B0B0A760084F371 /* huli-pizza */,
			);
		};
/* End PBXProject section */

/* Begin PBXResourcesBuildPhase section */
		D4DE26372B0B0A760084F371 /* Resources */ = {
			isa = PBXResourcesBuildPhase;
			buildActionMask = 2147483647;
			files = (
				D4DE26442B0B0A760084F371 /* Preview Assets.xcassets in Resources */,
				D4DE26412B0B0A760084F371 /* Assets.xcassets in Resources */,
			);
			runOnlyForDeploymentPostprocessing = 0;
		};
/* End PBXResourcesBuildPhase section */

/* Begin PBXSourcesBuildPhase section */
		D4DE26352B0B0A760084F371 /* Sources */ = {
			isa = PBXSourcesBuildPhase;
			buildActionMask = 2147483647;
			files = (
				D4DE264F2B0B57800084F371 /* MenuView.swift in Sources */,
				D4DE264D2B0B576D0084F371 /* OrderRowView.swift in Sources */,
				D46D24F72B13A9CB00EC9450 /* MenuDetailView.swift in Sources */,
				D46D24F32B1367B000EC9450 /* FavoriteTileView.swift in Sources */,
				D46D24F92B13A9D400EC9450 /* MenuView2.swift in Sources */,
				D46B65702B0C9F08001DE346 /* OrderModel.swift in Sources */,
				D4DE264B2B0B57530084F371 /* OrderView.swift in Sources */,
				D4DE26572B0B629E0084F371 /* RatingsView.swift in Sources */,
				D46B65722B0C9F08001DE346 /* OrderItem.swift in Sources */,
				D4DE263F2B0B0A760084F371 /* ContentView.swift in Sources */,
				D46D24ED2B13455600EC9450 /* OrderItemView.swift in Sources */,
				D4DE26512B0B57910084F371 /* MenuRowView.swift in Sources */,
				D4DE263D2B0B0A760084F371 /* huli_pizzaApp.swift in Sources */,
				D46B65732B0C9F08001DE346 /* MenuModel.swift in Sources */,
				D4E9FDDD2B10823500DFC700 /* StatusBarView.swift in Sources */,
				D46D24F12B135FBD00EC9450 /* MenuGridView.swift in Sources */,
				D46B65712B0C9F08001DE346 /* MenuItem.swift in Sources */,
				D46D24FB2B13ACDA00EC9450 /* MenuView3.swift in Sources */,
				D46D24F52B13982500EC9450 /* OrderDetailView.swift in Sources */,
				D4DE26532B0B579E0084F371 /* MenuItemView.swift in Sources */,
				D46D24EF2B135F2700EC9450 /* MenuItemTileView.swift in Sources */,
				D4DE26552B0B57CF0084F371 /* HeaderView.swift in Sources */,
			);
			runOnlyForDeploymentPostprocessing = 0;
		};
/* End PBXSourcesBuildPhase section */

/* Begin XCBuildConfiguration section */
		D4DE26452B0B0A760084F371 /* Debug */ = {
			isa = XCBuildConfiguration;
			buildSettings = {
				ALWAYS_SEARCH_USER_PATHS = NO;
				ASSETCATALOG_COMPILER_GENERATE_SWIFT_ASSET_SYMBOL_EXTENSIONS = YES;
				CLANG_ANALYZER_NONNULL = YES;
				CLANG_ANALYZER_NUMBER_OBJECT_CONVERSION = YES_AGGRESSIVE;
				CLANG_CXX_LANGUAGE_STANDARD = "gnu++20";
				CLANG_ENABLE_MODULES = YES;
				CLANG_ENABLE_OBJC_ARC = YES;
				CLANG_ENABLE_OBJC_WEAK = YES;
				CLANG_WARN_BLOCK_CAPTURE_AUTORELEASING = YES;
				CLANG_WARN_BOOL_CONVERSION = YES;
				CLANG_WARN_COMMA = YES;
				CLANG_WARN_CONSTANT_CONVERSION = YES;
				CLANG_WARN_DEPRECATED_OBJC_IMPLEMENTATIONS = YES;
				CLANG_WARN_DIRECT_OBJC_ISA_USAGE = YES_ERROR;
				CLANG_WARN_DOCUMENTATION_COMMENTS = YES;
				CLANG_WARN_EMPTY_BODY = YES;
				CLANG_WARN_ENUM_CONVERSION = YES;
				CLANG_WARN_INFINITE_RECURSION = YES;
				CLANG_WARN_INT_CONVERSION = YES;
				CLANG_WARN_NON_LITERAL_NULL_CONVERSION = YES;
				CLANG_WARN_OBJC_IMPLICIT_RETAIN_SELF = YES;
				CLANG_WARN_OBJC_LITERAL_CONVERSION = YES;
				CLANG_WARN_OBJC_ROOT_CLASS = YES_ERROR;
				CLANG_WARN_QUOTED_INCLUDE_IN_FRAMEWORK_HEADER = YES;
				CLANG_WARN_RANGE_LOOP_ANALYSIS = YES;
				CLANG_WARN_STRICT_PROTOTYPES = YES;
				CLANG_WARN_SUSPICIOUS_MOVE = YES;
				CLANG_WARN_UNGUARDED_AVAILABILITY = YES_AGGRESSIVE;
				CLANG_WARN_UNREACHABLE_CODE = YES;
				CLANG_WARN__DUPLICATE_METHOD_MATCH = YES;
				COPY_PHASE_STRIP = NO;
				DEBUG_INFORMATION_FORMAT = dwarf;
				ENABLE_STRICT_OBJC_MSGSEND = YES;
				ENABLE_TESTABILITY = YES;
				ENABLE_USER_SCRIPT_SANDBOXING = YES;
				GCC_C_LANGUAGE_STANDARD = gnu17;
				GCC_DYNAMIC_NO_PIC = NO;
				GCC_NO_COMMON_BLOCKS = YES;
				GCC_OPTIMIZATION_LEVEL = 0;
				GCC_PREPROCESSOR_DEFINITIONS = (
					"DEBUG=1",
					"$(inherited)",
				);
				GCC_WARN_64_TO_32_BIT_CONVERSION = YES;
				GCC_WARN_ABOUT_RETURN_TYPE = YES_ERROR;
				GCC_WARN_UNDECLARED_SELECTOR = YES;
				GCC_WARN_UNINITIALIZED_AUTOS = YES_AGGRESSIVE;
				GCC_WARN_UNUSED_FUNCTION = YES;
				GCC_WARN_UNUSED_VARIABLE = YES;
				IPHONEOS_DEPLOYMENT_TARGET = 17.0;
				LOCALIZATION_PREFERS_STRING_CATALOGS = YES;
				MTL_ENABLE_DEBUG_INFO = INCLUDE_SOURCE;
				MTL_FAST_MATH = YES;
				ONLY_ACTIVE_ARCH = YES;
				SDKROOT = iphoneos;
				SWIFT_ACTIVE_COMPILATION_CONDITIONS = "DEBUG $(inherited)";
				SWIFT_OPTIMIZATION_LEVEL = "-Onone";
			};
			name = Debug;
		};
		D4DE26462B0B0A760084F371 /* Release */ = {
			isa = XCBuildConfiguration;
			buildSettings = {
				ALWAYS_SEARCH_USER_PATHS = NO;
				ASSETCATALOG_COMPILER_GENERATE_SWIFT_ASSET_SYMBOL_EXTENSIONS = YES;
				CLANG_ANALYZER_NONNULL = YES;
				CLANG_ANALYZER_NUMBER_OBJECT_CONVERSION = YES_AGGRESSIVE;
				CLANG_CXX_LANGUAGE_STANDARD = "gnu++20";
				CLANG_ENABLE_MODULES = YES;
				CLANG_ENABLE_OBJC_ARC = YES;
				CLANG_ENABLE_OBJC_WEAK = YES;
				CLANG_WARN_BLOCK_CAPTURE_AUTORELEASING = YES;
				CLANG_WARN_BOOL_CONVERSION = YES;
				CLANG_WARN_COMMA = YES;
				CLANG_WARN_CONSTANT_CONVERSION = YES;
				CLANG_WARN_DEPRECATED_OBJC_IMPLEMENTATIONS = YES;
				CLANG_WARN_DIRECT_OBJC_ISA_USAGE = YES_ERROR;
				CLANG_WARN_DOCUMENTATION_COMMENTS = YES;
				CLANG_WARN_EMPTY_BODY = YES;
				CLANG_WARN_ENUM_CONVERSION = YES;
				CLANG_WARN_INFINITE_RECURSION = YES;
				CLANG_WARN_INT_CONVERSION = YES;
				CLANG_WARN_NON_LITERAL_NULL_CONVERSION = YES;
				CLANG_WARN_OBJC_IMPLICIT_RETAIN_SELF = YES;
				CLANG_WARN_OBJC_LITERAL_CONVERSION = YES;
				CLANG_WARN_OBJC_ROOT_CLASS = YES_ERROR;
				CLANG_WARN_QUOTED_INCLUDE_IN_FRAMEWORK_HEADER = YES;
				CLANG_WARN_RANGE_LOOP_ANALYSIS = YES;
				CLANG_WARN_STRICT_PROTOTYPES = YES;
				CLANG_WARN_SUSPICIOUS_MOVE = YES;
				CLANG_WARN_UNGUARDED_AVAILABILITY = YES_AGGRESSIVE;
				CLANG_WARN_UNREACHABLE_CODE = YES;
				CLANG_WARN__DUPLICATE_METHOD_MATCH = YES;
				COPY_PHASE_STRIP = NO;
				DEBUG_INFORMATION_FORMAT = "dwarf-with-dsym";
				ENABLE_NS_ASSERTIONS = NO;
				ENABLE_STRICT_OBJC_MSGSEND = YES;
				ENABLE_USER_SCRIPT_SANDBOXING = YES;
				GCC_C_LANGUAGE_STANDARD = gnu17;
				GCC_NO_COMMON_BLOCKS = YES;
				GCC_WARN_64_TO_32_BIT_CONVERSION = YES;
				GCC_WARN_ABOUT_RETURN_TYPE = YES_ERROR;
				GCC_WARN_UNDECLARED_SELECTOR = YES;
				GCC_WARN_UNINITIALIZED_AUTOS = YES_AGGRESSIVE;
				GCC_WARN_UNUSED_FUNCTION = YES;
				GCC_WARN_UNUSED_VARIABLE = YES;
				IPHONEOS_DEPLOYMENT_TARGET = 17.0;
				LOCALIZATION_PREFERS_STRING_CATALOGS = YES;
				MTL_ENABLE_DEBUG_INFO = NO;
				MTL_FAST_MATH = YES;
				SDKROOT = iphoneos;
				SWIFT_COMPILATION_MODE = wholemodule;
				VALIDATE_PRODUCT = YES;
			};
			name = Release;
		};
		D4DE26482B0B0A760084F371 /* Debug */ = {
			isa = XCBuildConfiguration;
			buildSettings = {
				ASSETCATALOG_COMPILER_APPICON_NAME = AppIcon;
				ASSETCATALOG_COMPILER_GLOBAL_ACCENT_COLOR_NAME = AccentColor;
				CODE_SIGN_STYLE = Automatic;
				CURRENT_PROJECT_VERSION = 1;
				DEVELOPMENT_ASSET_PATHS = "\"huli-pizza/Preview Content\"";
				ENABLE_PREVIEWS = YES;
				GENERATE_INFOPLIST_FILE = YES;
				INFOPLIST_KEY_UIApplicationSceneManifest_Generation = YES;
				INFOPLIST_KEY_UIApplicationSupportsIndirectInputEvents = YES;
				INFOPLIST_KEY_UILaunchScreen_Generation = YES;
				INFOPLIST_KEY_UISupportedInterfaceOrientations_iPad = "UIInterfaceOrientationPortrait UIInterfaceOrientationPortraitUpsideDown UIInterfaceOrientationLandscapeLeft UIInterfaceOrientationLandscapeRight";
				INFOPLIST_KEY_UISupportedInterfaceOrientations_iPhone = "UIInterfaceOrientationPortrait UIInterfaceOrientationLandscapeLeft UIInterfaceOrientationLandscapeRight";
				LD_RUNPATH_SEARCH_PATHS = (
					"$(inherited)",
					"@executable_path/Frameworks",
				);
				MARKETING_VERSION = 1.0;
				PRODUCT_BUNDLE_IDENTIFIER = "com.fdmgroup.huli-pizza";
				PRODUCT_NAME = "$(TARGET_NAME)";
				SWIFT_EMIT_LOC_STRINGS = YES;
				SWIFT_VERSION = 5.0;
				TARGETED_DEVICE_FAMILY = "1,2";
			};
			name = Debug;
		};
		D4DE26492B0B0A760084F371 /* Release */ = {
			isa = XCBuildConfiguration;
			buildSettings = {
				ASSETCATALOG_COMPILER_APPICON_NAME = AppIcon;
				ASSETCATALOG_COMPILER_GLOBAL_ACCENT_COLOR_NAME = AccentColor;
				CODE_SIGN_STYLE = Automatic;
				CURRENT_PROJECT_VERSION = 1;
				DEVELOPMENT_ASSET_PATHS = "\"huli-pizza/Preview Content\"";
				ENABLE_PREVIEWS = YES;
				GENERATE_INFOPLIST_FILE = YES;
				INFOPLIST_KEY_UIApplicationSceneManifest_Generation = YES;
				INFOPLIST_KEY_UIApplicationSupportsIndirectInputEvents = YES;
				INFOPLIST_KEY_UILaunchScreen_Generation = YES;
				INFOPLIST_KEY_UISupportedInterfaceOrientations_iPad = "UIInterfaceOrientationPortrait UIInterfaceOrientationPortraitUpsideDown UIInterfaceOrientationLandscapeLeft UIInterfaceOrientationLandscapeRight";
				INFOPLIST_KEY_UISupportedInterfaceOrientations_iPhone = "UIInterfaceOrientationPortrait UIInterfaceOrientationLandscapeLeft UIInterfaceOrientationLandscapeRight";
				LD_RUNPATH_SEARCH_PATHS = (
					"$(inherited)",
					"@executable_path/Frameworks",
				);
				MARKETING_VERSION = 1.0;
				PRODUCT_BUNDLE_IDENTIFIER = "com.fdmgroup.huli-pizza";
				PRODUCT_NAME = "$(TARGET_NAME)";
				SWIFT_EMIT_LOC_STRINGS = YES;
				SWIFT_VERSION = 5.0;
				TARGETED_DEVICE_FAMILY = "1,2";
			};
			name = Release;
		};
/* End XCBuildConfiguration section */

/* Begin XCConfigurationList section */
		D4DE26342B0B0A760084F371 /* Build configuration list for PBXProject "huli-pizza" */ = {
			isa = XCConfigurationList;
			buildConfigurations = (
				D4DE26452B0B0A760084F371 /* Debug */,
				D4DE26462B0B0A760084F371 /* Release */,
			);
			defaultConfigurationIsVisible = 0;
			defaultConfigurationName = Release;
		};
		D4DE26472B0B0A760084F371 /* Build configuration list for PBXNativeTarget "huli-pizza" */ = {
			isa = XCConfigurationList;
			buildConfigurations = (
				D4DE26482B0B0A760084F371 /* Debug */,
				D4DE26492B0B0A760084F371 /* Release */,
			);
			defaultConfigurationIsVisible = 0;
			defaultConfigurationName = Release;
		};
/* End XCConfigurationList section */
	};
	rootObject = D4DE26312B0B0A760084F371 /* Project object */;
}
